// !$*UTF8*$!
{
	archiveVersion = 1;
	classes = {
	};
	objectVersion = 48;
	objects = {

/* Begin PBXBuildFile section */
		AA25A8F01FD73BA8008DF458 /* DarkTheme.swift in Sources */ = {isa = PBXBuildFile; fileRef = AA25A8EF1FD73BA8008DF458 /* DarkTheme.swift */; };
		AA41384A1FD10FB00039FF86 /* Design.swift in Sources */ = {isa = PBXBuildFile; fileRef = AA4138491FD10FB00039FF86 /* Design.swift */; };
		AA63C7071FD50DBB00043793 /* Lato-Black.ttf in Resources */ = {isa = PBXBuildFile; fileRef = AA63C6FC1FD50DBB00043793 /* Lato-Black.ttf */; };
		AA63C7081FD50DBB00043793 /* Lato-BlackItalic.ttf in Resources */ = {isa = PBXBuildFile; fileRef = AA63C6FD1FD50DBB00043793 /* Lato-BlackItalic.ttf */; };
		AA63C7091FD50DBB00043793 /* Lato-Bold.ttf in Resources */ = {isa = PBXBuildFile; fileRef = AA63C6FE1FD50DBB00043793 /* Lato-Bold.ttf */; };
		AA63C70A1FD50DBB00043793 /* Lato-BoldItalic.ttf in Resources */ = {isa = PBXBuildFile; fileRef = AA63C6FF1FD50DBB00043793 /* Lato-BoldItalic.ttf */; };
		AA63C70B1FD50DBB00043793 /* Lato-Hairline.ttf in Resources */ = {isa = PBXBuildFile; fileRef = AA63C7001FD50DBB00043793 /* Lato-Hairline.ttf */; };
		AA63C70C1FD50DBB00043793 /* Lato-HairlineItalic.ttf in Resources */ = {isa = PBXBuildFile; fileRef = AA63C7011FD50DBB00043793 /* Lato-HairlineItalic.ttf */; };
		AA63C70D1FD50DBB00043793 /* Lato-Italic.ttf in Resources */ = {isa = PBXBuildFile; fileRef = AA63C7021FD50DBB00043793 /* Lato-Italic.ttf */; };
		AA63C70E1FD50DBB00043793 /* Lato-Light.ttf in Resources */ = {isa = PBXBuildFile; fileRef = AA63C7031FD50DBB00043793 /* Lato-Light.ttf */; };
		AA63C70F1FD50DBB00043793 /* Lato-LightItalic.ttf in Resources */ = {isa = PBXBuildFile; fileRef = AA63C7041FD50DBB00043793 /* Lato-LightItalic.ttf */; };
		AA63C7101FD50DBB00043793 /* Lato-Regular.ttf in Resources */ = {isa = PBXBuildFile; fileRef = AA63C7051FD50DBB00043793 /* Lato-Regular.ttf */; };
		AA63C7111FD50DBB00043793 /* OFL.txt in Resources */ = {isa = PBXBuildFile; fileRef = AA63C7061FD50DBB00043793 /* OFL.txt */; };
		AA63C7131FD662AD00043793 /* DesignConstants.swift in Sources */ = {isa = PBXBuildFile; fileRef = AA63C7121FD662AD00043793 /* DesignConstants.swift */; };
		AA80ACD61FCCAB56000FB772 /* AppDelegate.swift in Sources */ = {isa = PBXBuildFile; fileRef = AA80ACD51FCCAB56000FB772 /* AppDelegate.swift */; };
		AA80ACD81FCCAB56000FB772 /* MasterViewController.swift in Sources */ = {isa = PBXBuildFile; fileRef = AA80ACD71FCCAB56000FB772 /* MasterViewController.swift */; };
		AA80ACDA1FCCAB56000FB772 /* DetailViewController.swift in Sources */ = {isa = PBXBuildFile; fileRef = AA80ACD91FCCAB56000FB772 /* DetailViewController.swift */; };
		AA80ACDD1FCCAB56000FB772 /* Main.storyboard in Resources */ = {isa = PBXBuildFile; fileRef = AA80ACDB1FCCAB56000FB772 /* Main.storyboard */; };
		AA80ACDF1FCCAB56000FB772 /* Assets.xcassets in Resources */ = {isa = PBXBuildFile; fileRef = AA80ACDE1FCCAB56000FB772 /* Assets.xcassets */; };
		AA80ACE21FCCAB56000FB772 /* LaunchScreen.storyboard in Resources */ = {isa = PBXBuildFile; fileRef = AA80ACE01FCCAB56000FB772 /* LaunchScreen.storyboard */; };
/* End PBXBuildFile section */

/* Begin PBXFileReference section */
		AA25A8EF1FD73BA8008DF458 /* DarkTheme.swift */ = {isa = PBXFileReference; lastKnownFileType = sourcecode.swift; path = DarkTheme.swift; sourceTree = "<group>"; };
		AA4138491FD10FB00039FF86 /* Design.swift */ = {isa = PBXFileReference; fileEncoding = 4; lastKnownFileType = sourcecode.swift; path = Design.swift; sourceTree = "<group>"; };
		AA63C6FC1FD50DBB00043793 /* Lato-Black.ttf */ = {isa = PBXFileReference; lastKnownFileType = file; path = "Lato-Black.ttf"; sourceTree = "<group>"; };
		AA63C6FD1FD50DBB00043793 /* Lato-BlackItalic.ttf */ = {isa = PBXFileReference; lastKnownFileType = file; path = "Lato-BlackItalic.ttf"; sourceTree = "<group>"; };
		AA63C6FE1FD50DBB00043793 /* Lato-Bold.ttf */ = {isa = PBXFileReference; lastKnownFileType = file; path = "Lato-Bold.ttf"; sourceTree = "<group>"; };
		AA63C6FF1FD50DBB00043793 /* Lato-BoldItalic.ttf */ = {isa = PBXFileReference; lastKnownFileType = file; path = "Lato-BoldItalic.ttf"; sourceTree = "<group>"; };
		AA63C7001FD50DBB00043793 /* Lato-Hairline.ttf */ = {isa = PBXFileReference; lastKnownFileType = file; path = "Lato-Hairline.ttf"; sourceTree = "<group>"; };
		AA63C7011FD50DBB00043793 /* Lato-HairlineItalic.ttf */ = {isa = PBXFileReference; lastKnownFileType = file; path = "Lato-HairlineItalic.ttf"; sourceTree = "<group>"; };
		AA63C7021FD50DBB00043793 /* Lato-Italic.ttf */ = {isa = PBXFileReference; lastKnownFileType = file; path = "Lato-Italic.ttf"; sourceTree = "<group>"; };
		AA63C7031FD50DBB00043793 /* Lato-Light.ttf */ = {isa = PBXFileReference; lastKnownFileType = file; path = "Lato-Light.ttf"; sourceTree = "<group>"; };
		AA63C7041FD50DBB00043793 /* Lato-LightItalic.ttf */ = {isa = PBXFileReference; lastKnownFileType = file; path = "Lato-LightItalic.ttf"; sourceTree = "<group>"; };
		AA63C7051FD50DBB00043793 /* Lato-Regular.ttf */ = {isa = PBXFileReference; lastKnownFileType = file; path = "Lato-Regular.ttf"; sourceTree = "<group>"; };
		AA63C7061FD50DBB00043793 /* OFL.txt */ = {isa = PBXFileReference; fileEncoding = 4; lastKnownFileType = text; path = OFL.txt; sourceTree = "<group>"; };
		AA63C7121FD662AD00043793 /* DesignConstants.swift */ = {isa = PBXFileReference; lastKnownFileType = sourcecode.swift; path = DesignConstants.swift; sourceTree = "<group>"; };
		AA80ACD21FCCAB56000FB772 /* ManagingDesign.app */ = {isa = PBXFileReference; explicitFileType = wrapper.application; includeInIndex = 0; path = ManagingDesign.app; sourceTree = BUILT_PRODUCTS_DIR; };
		AA80ACD51FCCAB56000FB772 /* AppDelegate.swift */ = {isa = PBXFileReference; lastKnownFileType = sourcecode.swift; path = AppDelegate.swift; sourceTree = "<group>"; };
		AA80ACD71FCCAB56000FB772 /* MasterViewController.swift */ = {isa = PBXFileReference; lastKnownFileType = sourcecode.swift; path = MasterViewController.swift; sourceTree = "<group>"; };
		AA80ACD91FCCAB56000FB772 /* DetailViewController.swift */ = {isa = PBXFileReference; lastKnownFileType = sourcecode.swift; path = DetailViewController.swift; sourceTree = "<group>"; };
		AA80ACDC1FCCAB56000FB772 /* Base */ = {isa = PBXFileReference; lastKnownFileType = file.storyboard; name = Base; path = Base.lproj/Main.storyboard; sourceTree = "<group>"; };
		AA80ACDE1FCCAB56000FB772 /* Assets.xcassets */ = {isa = PBXFileReference; lastKnownFileType = folder.assetcatalog; path = Assets.xcassets; sourceTree = "<group>"; };
		AA80ACE11FCCAB56000FB772 /* Base */ = {isa = PBXFileReference; lastKnownFileType = file.storyboard; name = Base; path = Base.lproj/LaunchScreen.storyboard; sourceTree = "<group>"; };
		AA80ACE31FCCAB56000FB772 /* Info.plist */ = {isa = PBXFileReference; lastKnownFileType = text.plist.xml; path = Info.plist; sourceTree = "<group>"; };
/* End PBXFileReference section */

/* Begin PBXFrameworksBuildPhase section */
		AA80ACCF1FCCAB56000FB772 /* Frameworks */ = {
			isa = PBXFrameworksBuildPhase;
			buildActionMask = 2147483647;
			files = (
			);
			runOnlyForDeploymentPostprocessing = 0;
		};
/* End PBXFrameworksBuildPhase section */

/* Begin PBXGroup section */
		AA63C6FA1FD50DBB00043793 /* Fonts */ = {
			isa = PBXGroup;
			children = (
				AA63C6FB1FD50DBB00043793 /* Lato */,
			);
			path = Fonts;
			sourceTree = "<group>";
		};
		AA63C6FB1FD50DBB00043793 /* Lato */ = {
			isa = PBXGroup;
			children = (
				AA63C6FC1FD50DBB00043793 /* Lato-Black.ttf */,
				AA63C6FD1FD50DBB00043793 /* Lato-BlackItalic.ttf */,
				AA63C6FE1FD50DBB00043793 /* Lato-Bold.ttf */,
				AA63C6FF1FD50DBB00043793 /* Lato-BoldItalic.ttf */,
				AA63C7001FD50DBB00043793 /* Lato-Hairline.ttf */,
				AA63C7011FD50DBB00043793 /* Lato-HairlineItalic.ttf */,
				AA63C7021FD50DBB00043793 /* Lato-Italic.ttf */,
				AA63C7031FD50DBB00043793 /* Lato-Light.ttf */,
				AA63C7041FD50DBB00043793 /* Lato-LightItalic.ttf */,
				AA63C7051FD50DBB00043793 /* Lato-Regular.ttf */,
				AA63C7061FD50DBB00043793 /* OFL.txt */,
			);
			path = Lato;
			sourceTree = "<group>";
		};
		AA80ACC91FCCAB56000FB772 = {
			isa = PBXGroup;
			children = (
				AA80ACD41FCCAB56000FB772 /* ManagingDesign */,
				AA80ACD31FCCAB56000FB772 /* Products */,
			);
			sourceTree = "<group>";
		};
		AA80ACD31FCCAB56000FB772 /* Products */ = {
			isa = PBXGroup;
			children = (
				AA80ACD21FCCAB56000FB772 /* ManagingDesign.app */,
			);
			name = Products;
			sourceTree = "<group>";
		};
		AA80ACD41FCCAB56000FB772 /* ManagingDesign */ = {
			isa = PBXGroup;
			children = (
				AA80ACD51FCCAB56000FB772 /* AppDelegate.swift */,
				AA80ACD71FCCAB56000FB772 /* MasterViewController.swift */,
				AA80ACD91FCCAB56000FB772 /* DetailViewController.swift */,
				AA80ACDB1FCCAB56000FB772 /* Main.storyboard */,
				AA80ACDE1FCCAB56000FB772 /* Assets.xcassets */,
				AA80ACE01FCCAB56000FB772 /* LaunchScreen.storyboard */,
				AA63C6FA1FD50DBB00043793 /* Fonts */,
				AA80ACE31FCCAB56000FB772 /* Info.plist */,
				AA4138491FD10FB00039FF86 /* Design.swift */,
				AA63C7121FD662AD00043793 /* DesignConstants.swift */,
				AA25A8EF1FD73BA8008DF458 /* DarkTheme.swift */,
			);
			path = ManagingDesign;
			sourceTree = "<group>";
		};
/* End PBXGroup section */

/* Begin PBXNativeTarget section */
		AA80ACD11FCCAB56000FB772 /* ManagingDesign */ = {
			isa = PBXNativeTarget;
			buildConfigurationList = AA80ACE61FCCAB56000FB772 /* Build configuration list for PBXNativeTarget "ManagingDesign" */;
			buildPhases = (
				AA80ACCE1FCCAB56000FB772 /* Sources */,
				AA80ACCF1FCCAB56000FB772 /* Frameworks */,
				AA80ACD01FCCAB56000FB772 /* Resources */,
			);
			buildRules = (
			);
			dependencies = (
			);
			name = ManagingDesign;
			productName = ManagingDesign;
			productReference = AA80ACD21FCCAB56000FB772 /* ManagingDesign.app */;
			productType = "com.apple.product-type.application";
		};
/* End PBXNativeTarget section */

/* Begin PBXProject section */
		AA80ACCA1FCCAB56000FB772 /* Project object */ = {
			isa = PBXProject;
			attributes = {
				LastSwiftUpdateCheck = 0910;
				LastUpgradeCheck = 0910;
				ORGANIZATIONNAME = "eMaza Mobile";
				TargetAttributes = {
					AA80ACD11FCCAB56000FB772 = {
						CreatedOnToolsVersion = 9.1;
						ProvisioningStyle = Automatic;
					};
				};
			};
			buildConfigurationList = AA80ACCD1FCCAB56000FB772 /* Build configuration list for PBXProject "ManagingDesign" */;
			compatibilityVersion = "Xcode 8.0";
			developmentRegion = en;
			hasScannedForEncodings = 0;
			knownRegions = (
				en,
				Base,
			);
			mainGroup = AA80ACC91FCCAB56000FB772;
			productRefGroup = AA80ACD31FCCAB56000FB772 /* Products */;
			projectDirPath = "";
			projectRoot = "";
			targets = (
				AA80ACD11FCCAB56000FB772 /* ManagingDesign */,
			);
		};
/* End PBXProject section */

/* Begin PBXResourcesBuildPhase section */
		AA80ACD01FCCAB56000FB772 /* Resources */ = {
			isa = PBXResourcesBuildPhase;
			buildActionMask = 2147483647;
			files = (
				AA63C7111FD50DBB00043793 /* OFL.txt in Resources */,
				AA63C70D1FD50DBB00043793 /* Lato-Italic.ttf in Resources */,
				AA63C7071FD50DBB00043793 /* Lato-Black.ttf in Resources */,
				AA63C7091FD50DBB00043793 /* Lato-Bold.ttf in Resources */,
				AA63C70E1FD50DBB00043793 /* Lato-Light.ttf in Resources */,
				AA80ACE21FCCAB56000FB772 /* LaunchScreen.storyboard in Resources */,
				AA63C7081FD50DBB00043793 /* Lato-BlackItalic.ttf in Resources */,
				AA80ACDF1FCCAB56000FB772 /* Assets.xcassets in Resources */,
				AA63C70F1FD50DBB00043793 /* Lato-LightItalic.ttf in Resources */,
				AA63C70C1FD50DBB00043793 /* Lato-HairlineItalic.ttf in Resources */,
				AA63C70A1FD50DBB00043793 /* Lato-BoldItalic.ttf in Resources */,
				AA63C7101FD50DBB00043793 /* Lato-Regular.ttf in Resources */,
				AA63C70B1FD50DBB00043793 /* Lato-Hairline.ttf in Resources */,
				AA80ACDD1FCCAB56000FB772 /* Main.storyboard in Resources */,
			);
			runOnlyForDeploymentPostprocessing = 0;
		};
/* End PBXResourcesBuildPhase section */

/* Begin PBXSourcesBuildPhase section */
		AA80ACCE1FCCAB56000FB772 /* Sources */ = {
			isa = PBXSourcesBuildPhase;
			buildActionMask = 2147483647;
			files = (
				AA80ACDA1FCCAB56000FB772 /* DetailViewController.swift in Sources */,
				AA25A8F01FD73BA8008DF458 /* DarkTheme.swift in Sources */,
				AA41384A1FD10FB00039FF86 /* Design.swift in Sources */,
				AA80ACD81FCCAB56000FB772 /* MasterViewController.swift in Sources */,
				AA63C7131FD662AD00043793 /* DesignConstants.swift in Sources */,
				AA80ACD61FCCAB56000FB772 /* AppDelegate.swift in Sources */,
			);
			runOnlyForDeploymentPostprocessing = 0;
		};
/* End PBXSourcesBuildPhase section */

/* Begin PBXVariantGroup section */
		AA80ACDB1FCCAB56000FB772 /* Main.storyboard */ = {
			isa = PBXVariantGroup;
			children = (
				AA80ACDC1FCCAB56000FB772 /* Base */,
			);
			name = Main.storyboard;
			sourceTree = "<group>";
		};
		AA80ACE01FCCAB56000FB772 /* LaunchScreen.storyboard */ = {
			isa = PBXVariantGroup;
			children = (
				AA80ACE11FCCAB56000FB772 /* Base */,
			);
			name = LaunchScreen.storyboard;
			sourceTree = "<group>";
		};
/* End PBXVariantGroup section */

/* Begin XCBuildConfiguration section */
		AA80ACE41FCCAB56000FB772 /* Debug */ = {
			isa = XCBuildConfiguration;
			buildSettings = {
				ALWAYS_SEARCH_USER_PATHS = NO;
				CLANG_ANALYZER_NONNULL = YES;
				CLANG_ANALYZER_NUMBER_OBJECT_CONVERSION = YES_AGGRESSIVE;
				CLANG_CXX_LANGUAGE_STANDARD = "gnu++14";
				CLANG_CXX_LIBRARY = "libc++";
				CLANG_ENABLE_MODULES = YES;
				CLANG_ENABLE_OBJC_ARC = YES;
				CLANG_WARN_BLOCK_CAPTURE_AUTORELEASING = YES;
				CLANG_WARN_BOOL_CONVERSION = YES;
				CLANG_WARN_COMMA = YES;
				CLANG_WARN_CONSTANT_CONVERSION = YES;
				CLANG_WARN_DIRECT_OBJC_ISA_USAGE = YES_ERROR;
				CLANG_WARN_DOCUMENTATION_COMMENTS = YES;
				CLANG_WARN_EMPTY_BODY = YES;
				CLANG_WARN_ENUM_CONVERSION = YES;
				CLANG_WARN_INFINITE_RECURSION = YES;
				CLANG_WARN_INT_CONVERSION = YES;
				CLANG_WARN_NON_LITERAL_NULL_CONVERSION = YES;
				CLANG_WARN_OBJC_LITERAL_CONVERSION = YES;
				CLANG_WARN_OBJC_ROOT_CLASS = YES_ERROR;
				CLANG_WARN_RANGE_LOOP_ANALYSIS = YES;
				CLANG_WARN_STRICT_PROTOTYPES = YES;
				CLANG_WARN_SUSPICIOUS_MOVE = YES;
				CLANG_WARN_UNGUARDED_AVAILABILITY = YES_AGGRESSIVE;
				CLANG_WARN_UNREACHABLE_CODE = YES;
				CLANG_WARN__DUPLICATE_METHOD_MATCH = YES;
				CODE_SIGN_IDENTITY = "iPhone Developer";
				COPY_PHASE_STRIP = NO;
				DEBUG_INFORMATION_FORMAT = dwarf;
				ENABLE_STRICT_OBJC_MSGSEND = YES;
				ENABLE_TESTABILITY = YES;
				GCC_C_LANGUAGE_STANDARD = gnu11;
				GCC_DYNAMIC_NO_PIC = NO;
				GCC_NO_COMMON_BLOCKS = YES;
				GCC_OPTIMIZATION_LEVEL = 0;
				GCC_PREPROCESSOR_DEFINITIONS = (
					"DEBUG=1",
					"$(inherited)",
				);
				GCC_WARN_64_TO_32_BIT_CONVERSION = YES;
				GCC_WARN_ABOUT_RETURN_TYPE = YES_ERROR;
				GCC_WARN_UNDECLARED_SELECTOR = YES;
				GCC_WARN_UNINITIALIZED_AUTOS = YES_AGGRESSIVE;
				GCC_WARN_UNUSED_FUNCTION = YES;
				GCC_WARN_UNUSED_VARIABLE = YES;
				IPHONEOS_DEPLOYMENT_TARGET = 11.1;
				MTL_ENABLE_DEBUG_INFO = YES;
				ONLY_ACTIVE_ARCH = YES;
				SDKROOT = iphoneos;
				SWIFT_ACTIVE_COMPILATION_CONDITIONS = DEBUG;
				SWIFT_OPTIMIZATION_LEVEL = "-Onone";
			};
			name = Debug;
		};
		AA80ACE51FCCAB56000FB772 /* Release */ = {
			isa = XCBuildConfiguration;
			buildSettings = {
				ALWAYS_SEARCH_USER_PATHS = NO;
				CLANG_ANALYZER_NONNULL = YES;
				CLANG_ANALYZER_NUMBER_OBJECT_CONVERSION = YES_AGGRESSIVE;
				CLANG_CXX_LANGUAGE_STANDARD = "gnu++14";
				CLANG_CXX_LIBRARY = "libc++";
				CLANG_ENABLE_MODULES = YES;
				CLANG_ENABLE_OBJC_ARC = YES;
				CLANG_WARN_BLOCK_CAPTURE_AUTORELEASING = YES;
				CLANG_WARN_BOOL_CONVERSION = YES;
				CLANG_WARN_COMMA = YES;
				CLANG_WARN_CONSTANT_CONVERSION = YES;
				CLANG_WARN_DIRECT_OBJC_ISA_USAGE = YES_ERROR;
				CLANG_WARN_DOCUMENTATION_COMMENTS = YES;
				CLANG_WARN_EMPTY_BODY = YES;
				CLANG_WARN_ENUM_CONVERSION = YES;
				CLANG_WARN_INFINITE_RECURSION = YES;
				CLANG_WARN_INT_CONVERSION = YES;
				CLANG_WARN_NON_LITERAL_NULL_CONVERSION = YES;
				CLANG_WARN_OBJC_LITERAL_CONVERSION = YES;
				CLANG_WARN_OBJC_ROOT_CLASS = YES_ERROR;
				CLANG_WARN_RANGE_LOOP_ANALYSIS = YES;
				CLANG_WARN_STRICT_PROTOTYPES = YES;
				CLANG_WARN_SUSPICIOUS_MOVE = YES;
				CLANG_WARN_UNGUARDED_AVAILABILITY = YES_AGGRESSIVE;
				CLANG_WARN_UNREACHABLE_CODE = YES;
				CLANG_WARN__DUPLICATE_METHOD_MATCH = YES;
				CODE_SIGN_IDENTITY = "iPhone Developer";
				COPY_PHASE_STRIP = NO;
				DEBUG_INFORMATION_FORMAT = "dwarf-with-dsym";
				ENABLE_NS_ASSERTIONS = NO;
				ENABLE_STRICT_OBJC_MSGSEND = YES;
				GCC_C_LANGUAGE_STANDARD = gnu11;
				GCC_NO_COMMON_BLOCKS = YES;
				GCC_WARN_64_TO_32_BIT_CONVERSION = YES;
				GCC_WARN_ABOUT_RETURN_TYPE = YES_ERROR;
				GCC_WARN_UNDECLARED_SELECTOR = YES;
				GCC_WARN_UNINITIALIZED_AUTOS = YES_AGGRESSIVE;
				GCC_WARN_UNUSED_FUNCTION = YES;
				GCC_WARN_UNUSED_VARIABLE = YES;
				IPHONEOS_DEPLOYMENT_TARGET = 11.1;
				MTL_ENABLE_DEBUG_INFO = NO;
				SDKROOT = iphoneos;
				SWIFT_OPTIMIZATION_LEVEL = "-Owholemodule";
				VALIDATE_PRODUCT = YES;
			};
			name = Release;
		};
		AA80ACE71FCCAB56000FB772 /* Debug */ = {
			isa = XCBuildConfiguration;
			buildSettings = {
				ASSETCATALOG_COMPILER_APPICON_NAME = AppIcon;
				CODE_SIGN_STYLE = Automatic;
				DEVELOPMENT_TEAM = 3J4WM73YC7;
				INFOPLIST_FILE = ManagingDesign/Info.plist;
				IPHONEOS_DEPLOYMENT_TARGET = 11.0;
				LD_RUNPATH_SEARCH_PATHS = "$(inherited) @executable_path/Frameworks";
				PRODUCT_BUNDLE_IDENTIFIER = emazamobile.ManagingDesign;
				PRODUCT_NAME = "$(TARGET_NAME)";
				SWIFT_VERSION = 4.0;
				TARGETED_DEVICE_FAMILY = "1,2";
			};
			name = Debug;
		};
		AA80ACE81FCCAB56000FB772 /* Release */ = {
			isa = XCBuildConfiguration;
			buildSettings = {
				ASSETCATALOG_COMPILER_APPICON_NAME = AppIcon;
				CODE_SIGN_STYLE = Automatic;
				DEVELOPMENT_TEAM = 3J4WM73YC7;
				INFOPLIST_FILE = ManagingDesign/Info.plist;
				IPHONEOS_DEPLOYMENT_TARGET = 11.0;
				LD_RUNPATH_SEARCH_PATHS = "$(inherited) @executable_path/Frameworks";
				PRODUCT_BUNDLE_IDENTIFIER = emazamobile.ManagingDesign;
				PRODUCT_NAME = "$(TARGET_NAME)";
				SWIFT_VERSION = 4.0;
				TARGETED_DEVICE_FAMILY = "1,2";
			};
			name = Release;
		};
/* End XCBuildConfiguration section */

/* Begin XCConfigurationList section */
		AA80ACCD1FCCAB56000FB772 /* Build configuration list for PBXProject "ManagingDesign" */ = {
			isa = XCConfigurationList;
			buildConfigurations = (
				AA80ACE41FCCAB56000FB772 /* Debug */,
				AA80ACE51FCCAB56000FB772 /* Release */,
			);
			defaultConfigurationIsVisible = 0;
			defaultConfigurationName = Release;
		};
		AA80ACE61FCCAB56000FB772 /* Build configuration list for PBXNativeTarget "ManagingDesign" */ = {
			isa = XCConfigurationList;
			buildConfigurations = (
				AA80ACE71FCCAB56000FB772 /* Debug */,
				AA80ACE81FCCAB56000FB772 /* Release */,
			);
			defaultConfigurationIsVisible = 0;
			defaultConfigurationName = Release;
		};
/* End XCConfigurationList section */
	};
	rootObject = AA80ACCA1FCCAB56000FB772 /* Project object */;
}
